// !$*UTF8*$!
{
	archiveVersion = 1;
	classes = {
	};
	objectVersion = 48;
	objects = {

/* Begin PBXBuildFile section */
		A7EE4D011FB7F73800BBFE71 /* AppDelegate.swift in Sources */ = {isa = PBXBuildFile; fileRef = A7EE4D001FB7F73800BBFE71 /* AppDelegate.swift */; };
		A7EE4D031FB7F73800BBFE71 /* ViewController.swift in Sources */ = {isa = PBXBuildFile; fileRef = A7EE4D021FB7F73800BBFE71 /* ViewController.swift */; };
		A7EE4D061FB7F73800BBFE71 /* Main.storyboard in Resources */ = {isa = PBXBuildFile; fileRef = A7EE4D041FB7F73800BBFE71 /* Main.storyboard */; };
		A7EE4D081FB7F73800BBFE71 /* Assets.xcassets in Resources */ = {isa = PBXBuildFile; fileRef = A7EE4D071FB7F73800BBFE71 /* Assets.xcassets */; };
		A7EE4D0B1FB7F73800BBFE71 /* LaunchScreen.storyboard in Resources */ = {isa = PBXBuildFile; fileRef = A7EE4D091FB7F73800BBFE71 /* LaunchScreen.storyboard */; };
		A7EE4D161FB7F73800BBFE71 /* TestTests.swift in Sources */ = {isa = PBXBuildFile; fileRef = A7EE4D151FB7F73800BBFE71 /* TestTests.swift */; };
		A7EE4D211FB7F73800BBFE71 /* TestUITests.swift in Sources */ = {isa = PBXBuildFile; fileRef = A7EE4D201FB7F73800BBFE71 /* TestUITests.swift */; };
/* End PBXBuildFile section */

/* Begin PBXContainerItemProxy section */
		A7EE4D121FB7F73800BBFE71 /* PBXContainerItemProxy */ = {
			isa = PBXContainerItemProxy;
			containerPortal = A7EE4CF51FB7F73700BBFE71 /* Project object */;
			proxyType = 1;
			remoteGlobalIDString = A7EE4CFC1FB7F73800BBFE71;
			remoteInfo = Test;
		};
		A7EE4D1D1FB7F73800BBFE71 /* PBXContainerItemProxy */ = {
			isa = PBXContainerItemProxy;
			containerPortal = A7EE4CF51FB7F73700BBFE71 /* Project object */;
			proxyType = 1;
			remoteGlobalIDString = A7EE4CFC1FB7F73800BBFE71;
			remoteInfo = Test;
		};
/* End PBXContainerItemProxy section */

/* Begin PBXFileReference section */
		A7EE4CFD1FB7F73800BBFE71 /* Test.app */ = {isa = PBXFileReference; explicitFileType = wrapper.application; includeInIndex = 0; path = Test.app; sourceTree = BUILT_PRODUCTS_DIR; };
		A7EE4D001FB7F73800BBFE71 /* AppDelegate.swift */ = {isa = PBXFileReference; lastKnownFileType = sourcecode.swift; path = AppDelegate.swift; sourceTree = "<group>"; };
		A7EE4D021FB7F73800BBFE71 /* ViewController.swift */ = {isa = PBXFileReference; lastKnownFileType = sourcecode.swift; path = ViewController.swift; sourceTree = "<group>"; };
		A7EE4D051FB7F73800BBFE71 /* Base */ = {isa = PBXFileReference; lastKnownFileType = file.storyboard; name = Base; path = Base.lproj/Main.storyboard; sourceTree = "<group>"; };
		A7EE4D071FB7F73800BBFE71 /* Assets.xcassets */ = {isa = PBXFileReference; lastKnownFileType = folder.assetcatalog; path = Assets.xcassets; sourceTree = "<group>"; };
		A7EE4D0A1FB7F73800BBFE71 /* Base */ = {isa = PBXFileReference; lastKnownFileType = file.storyboard; name = Base; path = Base.lproj/LaunchScreen.storyboard; sourceTree = "<group>"; };
		A7EE4D0C1FB7F73800BBFE71 /* Info.plist */ = {isa = PBXFileReference; lastKnownFileType = text.plist.xml; path = Info.plist; sourceTree = "<group>"; };
		A7EE4D111FB7F73800BBFE71 /* TestTests.xctest */ = {isa = PBXFileReference; explicitFileType = wrapper.cfbundle; includeInIndex = 0; path = TestTests.xctest; sourceTree = BUILT_PRODUCTS_DIR; };
		A7EE4D151FB7F73800BBFE71 /* TestTests.swift */ = {isa = PBXFileReference; lastKnownFileType = sourcecode.swift; path = TestTests.swift; sourceTree = "<group>"; };
		A7EE4D171FB7F73800BBFE71 /* Info.plist */ = {isa = PBXFileReference; lastKnownFileType = text.plist.xml; path = Info.plist; sourceTree = "<group>"; };
		A7EE4D1C1FB7F73800BBFE71 /* TestUITests.xctest */ = {isa = PBXFileReference; explicitFileType = wrapper.cfbundle; includeInIndex = 0; path = TestUITests.xctest; sourceTree = BUILT_PRODUCTS_DIR; };
		A7EE4D201FB7F73800BBFE71 /* TestUITests.swift */ = {isa = PBXFileReference; lastKnownFileType = sourcecode.swift; path = TestUITests.swift; sourceTree = "<group>"; };
		A7EE4D221FB7F73800BBFE71 /* Info.plist */ = {isa = PBXFileReference; lastKnownFileType = text.plist.xml; path = Info.plist; sourceTree = "<group>"; };
/* End PBXFileReference section */

/* Begin PBXFrameworksBuildPhase section */
		A7EE4CFA1FB7F73800BBFE71 /* Frameworks */ = {
			isa = PBXFrameworksBuildPhase;
			buildActionMask = 2147483647;
			files = (
			);
			runOnlyForDeploymentPostprocessing = 0;
		};
		A7EE4D0E1FB7F73800BBFE71 /* Frameworks */ = {
			isa = PBXFrameworksBuildPhase;
			buildActionMask = 2147483647;
			files = (
			);
			runOnlyForDeploymentPostprocessing = 0;
		};
		A7EE4D191FB7F73800BBFE71 /* Frameworks */ = {
			isa = PBXFrameworksBuildPhase;
			buildActionMask = 2147483647;
			files = (
			);
			runOnlyForDeploymentPostprocessing = 0;
		};
/* End PBXFrameworksBuildPhase section */

/* Begin PBXGroup section */
		A7EE4CF41FB7F73700BBFE71 = {
			isa = PBXGroup;
			children = (
				A7EE4CFF1FB7F73800BBFE71 /* Test */,
				A7EE4D141FB7F73800BBFE71 /* TestTests */,
				A7EE4D1F1FB7F73800BBFE71 /* TestUITests */,
				A7EE4CFE1FB7F73800BBFE71 /* Products */,
			);
			sourceTree = "<group>";
		};
		A7EE4CFE1FB7F73800BBFE71 /* Products */ = {
			isa = PBXGroup;
			children = (
				A7EE4CFD1FB7F73800BBFE71 /* Test.app */,
				A7EE4D111FB7F73800BBFE71 /* TestTests.xctest */,
				A7EE4D1C1FB7F73800BBFE71 /* TestUITests.xctest */,
			);
			name = Products;
			sourceTree = "<group>";
		};
		A7EE4CFF1FB7F73800BBFE71 /* Test */ = {
			isa = PBXGroup;
			children = (
				A7EE4D001FB7F73800BBFE71 /* AppDelegate.swift */,
				A7EE4D021FB7F73800BBFE71 /* ViewController.swift */,
				A7EE4D041FB7F73800BBFE71 /* Main.storyboard */,
				A7EE4D071FB7F73800BBFE71 /* Assets.xcassets */,
				A7EE4D091FB7F73800BBFE71 /* LaunchScreen.storyboard */,
				A7EE4D0C1FB7F73800BBFE71 /* Info.plist */,
			);
			path = Test;
			sourceTree = "<group>";
		};
		A7EE4D141FB7F73800BBFE71 /* TestTests */ = {
			isa = PBXGroup;
			children = (
				A7EE4D151FB7F73800BBFE71 /* TestTests.swift */,
				A7EE4D171FB7F73800BBFE71 /* Info.plist */,
			);
			path = TestTests;
			sourceTree = "<group>";
		};
		A7EE4D1F1FB7F73800BBFE71 /* TestUITests */ = {
			isa = PBXGroup;
			children = (
				A7EE4D201FB7F73800BBFE71 /* TestUITests.swift */,
				A7EE4D221FB7F73800BBFE71 /* Info.plist */,
			);
			path = TestUITests;
			sourceTree = "<group>";
		};
/* End PBXGroup section */

/* Begin PBXNativeTarget section */
		A7EE4CFC1FB7F73800BBFE71 /* Test */ = {
			isa = PBXNativeTarget;
			buildConfigurationList = A7EE4D251FB7F73800BBFE71 /* Build configuration list for PBXNativeTarget "Test" */;
			buildPhases = (
				A7EE4CF91FB7F73800BBFE71 /* Sources */,
				A7EE4CFA1FB7F73800BBFE71 /* Frameworks */,
				A7EE4CFB1FB7F73800BBFE71 /* Resources */,
			);
			buildRules = (
			);
			dependencies = (
			);
			name = Test;
			productName = Test;
			productReference = A7EE4CFD1FB7F73800BBFE71 /* Test.app */;
			productType = "com.apple.product-type.application";
		};
		A7EE4D101FB7F73800BBFE71 /* TestTests */ = {
			isa = PBXNativeTarget;
			buildConfigurationList = A7EE4D281FB7F73800BBFE71 /* Build configuration list for PBXNativeTarget "TestTests" */;
			buildPhases = (
				A7EE4D0D1FB7F73800BBFE71 /* Sources */,
				A7EE4D0E1FB7F73800BBFE71 /* Frameworks */,
				A7EE4D0F1FB7F73800BBFE71 /* Resources */,
			);
			buildRules = (
			);
			dependencies = (
				A7EE4D131FB7F73800BBFE71 /* PBXTargetDependency */,
			);
			name = TestTests;
			productName = TestTests;
			productReference = A7EE4D111FB7F73800BBFE71 /* TestTests.xctest */;
			productType = "com.apple.product-type.bundle.unit-test";
		};
		A7EE4D1B1FB7F73800BBFE71 /* TestUITests */ = {
			isa = PBXNativeTarget;
			buildConfigurationList = A7EE4D2B1FB7F73800BBFE71 /* Build configuration list for PBXNativeTarget "TestUITests" */;
			buildPhases = (
				A7EE4D181FB7F73800BBFE71 /* Sources */,
				A7EE4D191FB7F73800BBFE71 /* Frameworks */,
				A7EE4D1A1FB7F73800BBFE71 /* Resources */,
			);
			buildRules = (
			);
			dependencies = (
				A7EE4D1E1FB7F73800BBFE71 /* PBXTargetDependency */,
			);
			name = TestUITests;
			productName = TestUITests;
			productReference = A7EE4D1C1FB7F73800BBFE71 /* TestUITests.xctest */;
			productType = "com.apple.product-type.bundle.ui-testing";
		};
/* End PBXNativeTarget section */

/* Begin PBXProject section */
		A7EE4CF51FB7F73700BBFE71 /* Project object */ = {
			isa = PBXProject;
			attributes = {
				LastSwiftUpdateCheck = 0900;
				LastUpgradeCheck = 0900;
				ORGANIZATIONNAME = "MT Studios";
				TargetAttributes = {
					A7EE4CFC1FB7F73800BBFE71 = {
						CreatedOnToolsVersion = 9.0;
						ProvisioningStyle = Automatic;
					};
					A7EE4D101FB7F73800BBFE71 = {
						CreatedOnToolsVersion = 9.0;
						ProvisioningStyle = Automatic;
						TestTargetID = A7EE4CFC1FB7F73800BBFE71;
					};
					A7EE4D1B1FB7F73800BBFE71 = {
						CreatedOnToolsVersion = 9.0;
						ProvisioningStyle = Automatic;
						TestTargetID = A7EE4CFC1FB7F73800BBFE71;
					};
				};
			};
			buildConfigurationList = A7EE4CF81FB7F73700BBFE71 /* Build configuration list for PBXProject "Test" */;
			compatibilityVersion = "Xcode 8.0";
			developmentRegion = en;
			hasScannedForEncodings = 0;
			knownRegions = (
				en,
				Base,
			);
			mainGroup = A7EE4CF41FB7F73700BBFE71;
			productRefGroup = A7EE4CFE1FB7F73800BBFE71 /* Products */;
			projectDirPath = "";
			projectRoot = "";
			targets = (
				A7EE4CFC1FB7F73800BBFE71 /* Test */,
				A7EE4D101FB7F73800BBFE71 /* TestTests */,
				A7EE4D1B1FB7F73800BBFE71 /* TestUITests */,
			);
		};
/* End PBXProject section */

/* Begin PBXResourcesBuildPhase section */
		A7EE4CFB1FB7F73800BBFE71 /* Resources */ = {
			isa = PBXResourcesBuildPhase;
			buildActionMask = 2147483647;
			files = (
				A7EE4D0B1FB7F73800BBFE71 /* LaunchScreen.storyboard in Resources */,
				A7EE4D081FB7F73800BBFE71 /* Assets.xcassets in Resources */,
				A7EE4D061FB7F73800BBFE71 /* Main.storyboard in Resources */,
			);
			runOnlyForDeploymentPostprocessing = 0;
		};
		A7EE4D0F1FB7F73800BBFE71 /* Resources */ = {
			isa = PBXResourcesBuildPhase;
			buildActionMask = 2147483647;
			files = (
			);
			runOnlyForDeploymentPostprocessing = 0;
		};
		A7EE4D1A1FB7F73800BBFE71 /* Resources */ = {
			isa = PBXResourcesBuildPhase;
			buildActionMask = 2147483647;
			files = (
			);
			runOnlyForDeploymentPostprocessing = 0;
		};
/* End PBXResourcesBuildPhase section */

/* Begin PBXSourcesBuildPhase section */
		A7EE4CF91FB7F73800BBFE71 /* Sources */ = {
			isa = PBXSourcesBuildPhase;
			buildActionMask = 2147483647;
			files = (
				A7EE4D031FB7F73800BBFE71 /* ViewController.swift in Sources */,
				A7EE4D011FB7F73800BBFE71 /* AppDelegate.swift in Sources */,
			);
			runOnlyForDeploymentPostprocessing = 0;
		};
		A7EE4D0D1FB7F73800BBFE71 /* Sources */ = {
			isa = PBXSourcesBuildPhase;
			buildActionMask = 2147483647;
			files = (
				A7EE4D161FB7F73800BBFE71 /* TestTests.swift in Sources */,
			);
			runOnlyForDeploymentPostprocessing = 0;
		};
		A7EE4D181FB7F73800BBFE71 /* Sources */ = {
			isa = PBXSourcesBuildPhase;
			buildActionMask = 2147483647;
			files = (
				A7EE4D211FB7F73800BBFE71 /* TestUITests.swift in Sources */,
			);
			runOnlyForDeploymentPostprocessing = 0;
		};
/* End PBXSourcesBuildPhase section */

/* Begin PBXTargetDependency section */
		A7EE4D131FB7F73800BBFE71 /* PBXTargetDependency */ = {
			isa = PBXTargetDependency;
			target = A7EE4CFC1FB7F73800BBFE71 /* Test */;
			targetProxy = A7EE4D121FB7F73800BBFE71 /* PBXContainerItemProxy */;
		};
		A7EE4D1E1FB7F73800BBFE71 /* PBXTargetDependency */ = {
			isa = PBXTargetDependency;
			target = A7EE4CFC1FB7F73800BBFE71 /* Test */;
			targetProxy = A7EE4D1D1FB7F73800BBFE71 /* PBXContainerItemProxy */;
		};
/* End PBXTargetDependency section */

/* Begin PBXVariantGroup section */
		A7EE4D041FB7F73800BBFE71 /* Main.storyboard */ = {
			isa = PBXVariantGroup;
			children = (
				A7EE4D051FB7F73800BBFE71 /* Base */,
			);
			name = Main.storyboard;
			sourceTree = "<group>";
		};
		A7EE4D091FB7F73800BBFE71 /* LaunchScreen.storyboard */ = {
			isa = PBXVariantGroup;
			children = (
				A7EE4D0A1FB7F73800BBFE71 /* Base */,
			);
			name = LaunchScreen.storyboard;
			sourceTree = "<group>";
		};
/* End PBXVariantGroup section */

/* Begin XCBuildConfiguration section */
		A7EE4D231FB7F73800BBFE71 /* Debug */ = {
			isa = XCBuildConfiguration;
			buildSettings = {
				ALWAYS_SEARCH_USER_PATHS = NO;
				CLANG_ANALYZER_NONNULL = YES;
				CLANG_ANALYZER_NUMBER_OBJECT_CONVERSION = YES_AGGRESSIVE;
				CLANG_CXX_LANGUAGE_STANDARD = "gnu++14";
				CLANG_CXX_LIBRARY = "libc++";
				CLANG_ENABLE_MODULES = YES;
				CLANG_ENABLE_OBJC_ARC = YES;
				CLANG_WARN_BLOCK_CAPTURE_AUTORELEASING = YES;
				CLANG_WARN_BOOL_CONVERSION = YES;
				CLANG_WARN_COMMA = YES;
				CLANG_WARN_CONSTANT_CONVERSION = YES;
				CLANG_WARN_DIRECT_OBJC_ISA_USAGE = YES_ERROR;
				CLANG_WARN_DOCUMENTATION_COMMENTS = YES;
				CLANG_WARN_EMPTY_BODY = YES;
				CLANG_WARN_ENUM_CONVERSION = YES;
				CLANG_WARN_INFINITE_RECURSION = YES;
				CLANG_WARN_INT_CONVERSION = YES;
				CLANG_WARN_NON_LITERAL_NULL_CONVERSION = YES;
				CLANG_WARN_OBJC_LITERAL_CONVERSION = YES;
				CLANG_WARN_OBJC_ROOT_CLASS = YES_ERROR;
				CLANG_WARN_RANGE_LOOP_ANALYSIS = YES;
				CLANG_WARN_STRICT_PROTOTYPES = YES;
				CLANG_WARN_SUSPICIOUS_MOVE = YES;
				CLANG_WARN_UNGUARDED_AVAILABILITY = YES_AGGRESSIVE;
				CLANG_WARN_UNREACHABLE_CODE = YES;
				CLANG_WARN__DUPLICATE_METHOD_MATCH = YES;
				CODE_SIGN_IDENTITY = "iPhone Developer";
				COPY_PHASE_STRIP = NO;
				DEBUG_INFORMATION_FORMAT = dwarf;
				ENABLE_STRICT_OBJC_MSGSEND = YES;
				ENABLE_TESTABILITY = YES;
				GCC_C_LANGUAGE_STANDARD = gnu11;
				GCC_DYNAMIC_NO_PIC = NO;
				GCC_NO_COMMON_BLOCKS = YES;
				GCC_OPTIMIZATION_LEVEL = 0;
				GCC_PREPROCESSOR_DEFINITIONS = (
					"DEBUG=1",
					"$(inherited)",
				);
				GCC_WARN_64_TO_32_BIT_CONVERSION = YES;
				GCC_WARN_ABOUT_RETURN_TYPE = YES_ERROR;
				GCC_WARN_UNDECLARED_SELECTOR = YES;
				GCC_WARN_UNINITIALIZED_AUTOS = YES_AGGRESSIVE;
				GCC_WARN_UNUSED_FUNCTION = YES;
				GCC_WARN_UNUSED_VARIABLE = YES;
				IPHONEOS_DEPLOYMENT_TARGET = 11.0;
				MTL_ENABLE_DEBUG_INFO = YES;
				ONLY_ACTIVE_ARCH = YES;
				SDKROOT = iphoneos;
				SWIFT_ACTIVE_COMPILATION_CONDITIONS = DEBUG;
				SWIFT_OPTIMIZATION_LEVEL = "-Onone";
			};
			name = Debug;
		};
		A7EE4D241FB7F73800BBFE71 /* Release */ = {
			isa = XCBuildConfiguration;
			buildSettings = {
				ALWAYS_SEARCH_USER_PATHS = NO;
				CLANG_ANALYZER_NONNULL = YES;
				CLANG_ANALYZER_NUMBER_OBJECT_CONVERSION = YES_AGGRESSIVE;
				CLANG_CXX_LANGUAGE_STANDARD = "gnu++14";
				CLANG_CXX_LIBRARY = "libc++";
				CLANG_ENABLE_MODULES = YES;
				CLANG_ENABLE_OBJC_ARC = YES;
				CLANG_WARN_BLOCK_CAPTURE_AUTORELEASING = YES;
				CLANG_WARN_BOOL_CONVERSION = YES;
				CLANG_WARN_COMMA = YES;
				CLANG_WARN_CONSTANT_CONVERSION = YES;
				CLANG_WARN_DIRECT_OBJC_ISA_USAGE = YES_ERROR;
				CLANG_WARN_DOCUMENTATION_COMMENTS = YES;
				CLANG_WARN_EMPTY_BODY = YES;
				CLANG_WARN_ENUM_CONVERSION = YES;
				CLANG_WARN_INFINITE_RECURSION = YES;
				CLANG_WARN_INT_CONVERSION = YES;
				CLANG_WARN_NON_LITERAL_NULL_CONVERSION = YES;
				CLANG_WARN_OBJC_LITERAL_CONVERSION = YES;
				CLANG_WARN_OBJC_ROOT_CLASS = YES_ERROR;
				CLANG_WARN_RANGE_LOOP_ANALYSIS = YES;
				CLANG_WARN_STRICT_PROTOTYPES = YES;
				CLANG_WARN_SUSPICIOUS_MOVE = YES;
				CLANG_WARN_UNGUARDED_AVAILABILITY = YES_AGGRESSIVE;
				CLANG_WARN_UNREACHABLE_CODE = YES;
				CLANG_WARN__DUPLICATE_METHOD_MATCH = YES;
				CODE_SIGN_IDENTITY = "iPhone Developer";
				COPY_PHASE_STRIP = NO;
				DEBUG_INFORMATION_FORMAT = "dwarf-with-dsym";
				ENABLE_NS_ASSERTIONS = NO;
				ENABLE_STRICT_OBJC_MSGSEND = YES;
				GCC_C_LANGUAGE_STANDARD = gnu11;
				GCC_NO_COMMON_BLOCKS = YES;
				GCC_WARN_64_TO_32_BIT_CONVERSION = YES;
				GCC_WARN_ABOUT_RETURN_TYPE = YES_ERROR;
				GCC_WARN_UNDECLARED_SELECTOR = YES;
				GCC_WARN_UNINITIALIZED_AUTOS = YES_AGGRESSIVE;
				GCC_WARN_UNUSED_FUNCTION = YES;
				GCC_WARN_UNUSED_VARIABLE = YES;
				IPHONEOS_DEPLOYMENT_TARGET = 11.0;
				MTL_ENABLE_DEBUG_INFO = NO;
				SDKROOT = iphoneos;
				SWIFT_OPTIMIZATION_LEVEL = "-Owholemodule";
				VALIDATE_PRODUCT = YES;
			};
			name = Release;
		};
		A7EE4D261FB7F73800BBFE71 /* Debug */ = {
			isa = XCBuildConfiguration;
			buildSettings = {
				ASSETCATALOG_COMPILER_APPICON_NAME = AppIcon;
				CODE_SIGN_STYLE = Automatic;
				DEVELOPMENT_TEAM = 732BVCRMX2;
				INFOPLIST_FILE = Test/Info.plist;
				LD_RUNPATH_SEARCH_PATHS = "$(inherited) @executable_path/Frameworks";
				PRODUCT_BUNDLE_IDENTIFIER = MT.Test;
				PRODUCT_NAME = "$(TARGET_NAME)";
				SWIFT_VERSION = 4.0;
				TARGETED_DEVICE_FAMILY = "1,2";
			};
			name = Debug;
		};
		A7EE4D271FB7F73800BBFE71 /* Release */ = {
			isa = XCBuildConfiguration;
			buildSettings = {
				ASSETCATALOG_COMPILER_APPICON_NAME = AppIcon;
				CODE_SIGN_STYLE = Automatic;
				DEVELOPMENT_TEAM = 732BVCRMX2;
				INFOPLIST_FILE = Test/Info.plist;
				LD_RUNPATH_SEARCH_PATHS = "$(inherited) @executable_path/Frameworks";
				PRODUCT_BUNDLE_IDENTIFIER = MT.Test;
				PRODUCT_NAME = "$(TARGET_NAME)";
				SWIFT_VERSION = 4.0;
				TARGETED_DEVICE_FAMILY = "1,2";
			};
			name = Release;
		};
		A7EE4D291FB7F73800BBFE71 /* Debug */ = {
			isa = XCBuildConfiguration;
			buildSettings = {
				ALWAYS_EMBED_SWIFT_STANDARD_LIBRARIES = YES;
				BUNDLE_LOADER = "$(TEST_HOST)";
				CODE_SIGN_STYLE = Automatic;
				DEVELOPMENT_TEAM = 732BVCRMX2;
				INFOPLIST_FILE = TestTests/Info.plist;
				LD_RUNPATH_SEARCH_PATHS = "$(inherited) @executable_path/Frameworks @loader_path/Frameworks";
				PRODUCT_BUNDLE_IDENTIFIER = MT.TestTests;
				PRODUCT_NAME = "$(TARGET_NAME)";
				SWIFT_VERSION = 4.0;
				TARGETED_DEVICE_FAMILY = "1,2";
				TEST_HOST = "$(BUILT_PRODUCTS_DIR)/Test.app/Test";
			};
			name = Debug;
		};
		A7EE4D2A1FB7F73800BBFE71 /* Release */ = {
			isa = XCBuildConfiguration;
			buildSettings = {
				ALWAYS_EMBED_SWIFT_STANDARD_LIBRARIES = YES;
				BUNDLE_LOADER = "$(TEST_HOST)";
				CODE_SIGN_STYLE = Automatic;
				DEVELOPMENT_TEAM = 732BVCRMX2;
				INFOPLIST_FILE = TestTests/Info.plist;
				LD_RUNPATH_SEARCH_PATHS = "$(inherited) @executable_path/Frameworks @loader_path/Frameworks";
				PRODUCT_BUNDLE_IDENTIFIER = MT.TestTests;
				PRODUCT_NAME = "$(TARGET_NAME)";
				SWIFT_VERSION = 4.0;
				TARGETED_DEVICE_FAMILY = "1,2";
				TEST_HOST = "$(BUILT_PRODUCTS_DIR)/Test.app/Test";
			};
			name = Release;
		};
		A7EE4D2C1FB7F73800BBFE71 /* Debug */ = {
			isa = XCBuildConfiguration;
			buildSettings = {
				ALWAYS_EMBED_SWIFT_STANDARD_LIBRARIES = YES;
				CODE_SIGN_STYLE = Automatic;
				DEVELOPMENT_TEAM = 732BVCRMX2;
				INFOPLIST_FILE = TestUITests/Info.plist;
				LD_RUNPATH_SEARCH_PATHS = "$(inherited) @executable_path/Frameworks @loader_path/Frameworks";
				PRODUCT_BUNDLE_IDENTIFIER = MT.TestUITests;
				PRODUCT_NAME = "$(TARGET_NAME)";
				SWIFT_VERSION = 4.0;
				TARGETED_DEVICE_FAMILY = "1,2";
				TEST_TARGET_NAME = Test;
			};
			name = Debug;
		};
		A7EE4D2D1FB7F73800BBFE71 /* Release */ = {
			isa = XCBuildConfiguration;
			buildSettings = {
				ALWAYS_EMBED_SWIFT_STANDARD_LIBRARIES = YES;
				CODE_SIGN_STYLE = Automatic;
				DEVELOPMENT_TEAM = 732BVCRMX2;
				INFOPLIST_FILE = TestUITests/Info.plist;
				LD_RUNPATH_SEARCH_PATHS = "$(inherited) @executable_path/Frameworks @loader_path/Frameworks";
				PRODUCT_BUNDLE_IDENTIFIER = MT.TestUITests;
				PRODUCT_NAME = "$(TARGET_NAME)";
				SWIFT_VERSION = 4.0;
				TARGETED_DEVICE_FAMILY = "1,2";
				TEST_TARGET_NAME = Test;
			};
			name = Release;
		};
/* End XCBuildConfiguration section */

/* Begin XCConfigurationList section */
		A7EE4CF81FB7F73700BBFE71 /* Build configuration list for PBXProject "Test" */ = {
			isa = XCConfigurationList;
			buildConfigurations = (
				A7EE4D231FB7F73800BBFE71 /* Debug */,
				A7EE4D241FB7F73800BBFE71 /* Release */,
			);
			defaultConfigurationIsVisible = 0;
			defaultConfigurationName = Release;
		};
		A7EE4D251FB7F73800BBFE71 /* Build configuration list for PBXNativeTarget "Test" */ = {
			isa = XCConfigurationList;
			buildConfigurations = (
				A7EE4D261FB7F73800BBFE71 /* Debug */,
				A7EE4D271FB7F73800BBFE71 /* Release */,
			);
			defaultConfigurationIsVisible = 0;
			defaultConfigurationName = Release;
		};
		A7EE4D281FB7F73800BBFE71 /* Build configuration list for PBXNativeTarget "TestTests" */ = {
			isa = XCConfigurationList;
			buildConfigurations = (
				A7EE4D291FB7F73800BBFE71 /* Debug */,
				A7EE4D2A1FB7F73800BBFE71 /* Release */,
			);
			defaultConfigurationIsVisible = 0;
			defaultConfigurationName = Release;
		};
		A7EE4D2B1FB7F73800BBFE71 /* Build configuration list for PBXNativeTarget "TestUITests" */ = {
			isa = XCConfigurationList;
			buildConfigurations = (
				A7EE4D2C1FB7F73800BBFE71 /* Debug */,
				A7EE4D2D1FB7F73800BBFE71 /* Release */,
			);
			defaultConfigurationIsVisible = 0;
			defaultConfigurationName = Release;
		};
/* End XCConfigurationList section */
	};
	rootObject = A7EE4CF51FB7F73700BBFE71 /* Project object */;
}
